
Microsoft Visual Studio Solution File, Format Version 12.00
# Visual Studio Version 17
VisualStudioVersion = 17.11.35312.102
MinimumVisualStudioVersion = 10.0.40219.1
Project("{FAE04EC0-301F-11D3-BF4B-00C04F79EFBC}") = "BagauovOOP_LR3.1", "BagauovOOP_LR3.1\BagauovOOP_LR3.1.csproj", "{A39B878D-1DA9-49AF-A435-31A3ADB9F670}"
EndProject
Global
	GlobalSection(SolutionConfigurationPlatforms) = preSolution
		Debug|Any CPU = Debug|Any CPU
		Release|Any CPU = Release|Any CPU
	EndGlobalSection
	GlobalSection(ProjectConfigurationPlatforms) = postSolution
		{A39B878D-1DA9-49AF-A435-31A3ADB9F670}.Debug|Any CPU.ActiveCfg = Debug|Any CPU
		{A39B878D-1DA9-49AF-A435-31A3ADB9F670}.Debug|Any CPU.Build.0 = Debug|Any CPU
		{A39B878D-1DA9-49AF-A435-31A3ADB9F670}.Release|Any CPU.ActiveCfg = Release|Any CPU
		{A39B878D-1DA9-49AF-A435-31A3ADB9F670}.Release|Any CPU.Build.0 = Release|Any CPU
	EndGlobalSection
	GlobalSection(SolutionProperties) = preSolution
		HideSolutionNode = FALSE
	EndGlobalSection
	GlobalSection(ExtensibilityGlobals) = postSolution
		SolutionGuid = {48F93344-148B-4290-9FD7-1003CCC15B3A}
	EndGlobalSection
EndGlobal
